// !$*UTF8*$!
{
	archiveVersion = 1;
	classes = {
	};
	objectVersion = 52;
	objects = {

/* Begin PBXBuildFile section */
		EE6F3FBA250AC149003901CA /* AppDelegate.swift in Sources */ = {isa = PBXBuildFile; fileRef = EE6F3FB9250AC149003901CA /* AppDelegate.swift */; };
		EE6F3FBC250AC149003901CA /* ViewController.swift in Sources */ = {isa = PBXBuildFile; fileRef = EE6F3FBB250AC149003901CA /* ViewController.swift */; };
		EE6F3FBF250AC149003901CA /* Main.storyboard in Resources */ = {isa = PBXBuildFile; fileRef = EE6F3FBD250AC149003901CA /* Main.storyboard */; };
		EE6F3FC1250AC14A003901CA /* Assets.xcassets in Resources */ = {isa = PBXBuildFile; fileRef = EE6F3FC0250AC14A003901CA /* Assets.xcassets */; };
		EE6F3FC4250AC14A003901CA /* LaunchScreen.storyboard in Resources */ = {isa = PBXBuildFile; fileRef = EE6F3FC2250AC14A003901CA /* LaunchScreen.storyboard */; };
		EE95F4CE250AC303007ADD0A /* SFLiteSDK.xcframework in Frameworks */ = {isa = PBXBuildFile; fileRef = EE95F4CC250AC2F9007ADD0A /* SFLiteSDK.xcframework */; };
		EE95F4CF250AC303007ADD0A /* SFLiteSDK.xcframework in Embed Frameworks */ = {isa = PBXBuildFile; fileRef = EE95F4CC250AC2F9007ADD0A /* SFLiteSDK.xcframework */; settings = {ATTRIBUTES = (CodeSignOnCopy, ); }; };
/* End PBXBuildFile section */

/* Begin PBXCopyFilesBuildPhase section */
		EE95F4D0250AC303007ADD0A /* Embed Frameworks */ = {
			isa = PBXCopyFilesBuildPhase;
			buildActionMask = 2147483647;
			dstPath = "";
			dstSubfolderSpec = 10;
			files = (
				EE95F4CF250AC303007ADD0A /* SFLiteSDK.xcframework in Embed Frameworks */,
			);
			name = "Embed Frameworks";
			runOnlyForDeploymentPostprocessing = 0;
		};
/* End PBXCopyFilesBuildPhase section */

/* Begin PBXFileReference section */
		EE6F3FB6250AC149003901CA /* SFLiteSDKReference.app */ = {isa = PBXFileReference; explicitFileType = wrapper.application; includeInIndex = 0; path = SFLiteSDKReference.app; sourceTree = BUILT_PRODUCTS_DIR; };
		EE6F3FB9250AC149003901CA /* AppDelegate.swift */ = {isa = PBXFileReference; lastKnownFileType = sourcecode.swift; path = AppDelegate.swift; sourceTree = "<group>"; };
		EE6F3FBB250AC149003901CA /* ViewController.swift */ = {isa = PBXFileReference; lastKnownFileType = sourcecode.swift; path = ViewController.swift; sourceTree = "<group>"; };
		EE6F3FBE250AC149003901CA /* Base */ = {isa = PBXFileReference; lastKnownFileType = file.storyboard; name = Base; path = Base.lproj/Main.storyboard; sourceTree = "<group>"; };
		EE6F3FC0250AC14A003901CA /* Assets.xcassets */ = {isa = PBXFileReference; lastKnownFileType = folder.assetcatalog; path = Assets.xcassets; sourceTree = "<group>"; };
		EE6F3FC3250AC14A003901CA /* Base */ = {isa = PBXFileReference; lastKnownFileType = file.storyboard; name = Base; path = Base.lproj/LaunchScreen.storyboard; sourceTree = "<group>"; };
		EE6F3FC5250AC14A003901CA /* Info.plist */ = {isa = PBXFileReference; lastKnownFileType = text.plist.xml; path = Info.plist; sourceTree = "<group>"; };
		EE95F4CC250AC2F9007ADD0A /* SFLiteSDK.xcframework */ = {isa = PBXFileReference; lastKnownFileType = wrapper.xcframework; path = SFLiteSDK.xcframework; sourceTree = "<group>"; };
/* End PBXFileReference section */

/* Begin PBXFrameworksBuildPhase section */
		EE6F3FB3250AC149003901CA /* Frameworks */ = {
			isa = PBXFrameworksBuildPhase;
			buildActionMask = 2147483647;
			files = (
				EE95F4CE250AC303007ADD0A /* SFLiteSDK.xcframework in Frameworks */,
			);
			runOnlyForDeploymentPostprocessing = 0;
		};
/* End PBXFrameworksBuildPhase section */

/* Begin PBXGroup section */
		EE6F3FAD250AC149003901CA = {
			isa = PBXGroup;
			children = (
				EE6F3FB8250AC149003901CA /* SFLiteSDKReference */,
				EE6F3FB7250AC149003901CA /* Products */,
			);
			sourceTree = "<group>";
		};
		EE6F3FB7250AC149003901CA /* Products */ = {
			isa = PBXGroup;
			children = (
				EE6F3FB6250AC149003901CA /* SFLiteSDKReference.app */,
			);
			name = Products;
			sourceTree = "<group>";
		};
		EE6F3FB8250AC149003901CA /* SFLiteSDKReference */ = {
			isa = PBXGroup;
			children = (
				EE95F4CC250AC2F9007ADD0A /* SFLiteSDK.xcframework */,
				EE6F3FB9250AC149003901CA /* AppDelegate.swift */,
				EE6F3FBB250AC149003901CA /* ViewController.swift */,
				EE6F3FBD250AC149003901CA /* Main.storyboard */,
				EE6F3FC0250AC14A003901CA /* Assets.xcassets */,
				EE6F3FC2250AC14A003901CA /* LaunchScreen.storyboard */,
				EE6F3FC5250AC14A003901CA /* Info.plist */,
			);
			path = SFLiteSDKReference;
			sourceTree = "<group>";
		};
/* End PBXGroup section */

/* Begin PBXNativeTarget section */
		EE6F3FB5250AC149003901CA /* SFLiteSDKReference */ = {
			isa = PBXNativeTarget;
			buildConfigurationList = EE6F3FC8250AC14A003901CA /* Build configuration list for PBXNativeTarget "SFLiteSDKReference" */;
			buildPhases = (
				EE6F3FB2250AC149003901CA /* Sources */,
				EE6F3FB3250AC149003901CA /* Frameworks */,
				EE6F3FB4250AC149003901CA /* Resources */,
				EE95F4D0250AC303007ADD0A /* Embed Frameworks */,
			);
			buildRules = (
			);
			dependencies = (
			);
			name = SFLiteSDKReference;
			productName = SFLiteSDKReference;
			productReference = EE6F3FB6250AC149003901CA /* SFLiteSDKReference.app */;
			productType = "com.apple.product-type.application";
		};
/* End PBXNativeTarget section */

/* Begin PBXProject section */
		EE6F3FAE250AC149003901CA /* Project object */ = {
			isa = PBXProject;
			attributes = {
				LastSwiftUpdateCheck = 1010;
				LastUpgradeCheck = 1010;
				ORGANIZATIONNAME = davidgyoungtech;
				TargetAttributes = {
					EE6F3FB5250AC149003901CA = {
						CreatedOnToolsVersion = 10.1;
					};
				};
			};
			buildConfigurationList = EE6F3FB1250AC149003901CA /* Build configuration list for PBXProject "SFLiteSDKReference" */;
			compatibilityVersion = "Xcode 9.3";
			developmentRegion = en;
			hasScannedForEncodings = 0;
			knownRegions = (
				en,
				Base,
			);
			mainGroup = EE6F3FAD250AC149003901CA;
			productRefGroup = EE6F3FB7250AC149003901CA /* Products */;
			projectDirPath = "";
			projectRoot = "";
			targets = (
				EE6F3FB5250AC149003901CA /* SFLiteSDKReference */,
			);
		};
/* End PBXProject section */

/* Begin PBXResourcesBuildPhase section */
		EE6F3FB4250AC149003901CA /* Resources */ = {
			isa = PBXResourcesBuildPhase;
			buildActionMask = 2147483647;
			files = (
				EE6F3FC4250AC14A003901CA /* LaunchScreen.storyboard in Resources */,
				EE6F3FC1250AC14A003901CA /* Assets.xcassets in Resources */,
				EE6F3FBF250AC149003901CA /* Main.storyboard in Resources */,
			);
			runOnlyForDeploymentPostprocessing = 0;
		};
/* End PBXResourcesBuildPhase section */

/* Begin PBXSourcesBuildPhase section */
		EE6F3FB2250AC149003901CA /* Sources */ = {
			isa = PBXSourcesBuildPhase;
			buildActionMask = 2147483647;
			files = (
				EE6F3FBC250AC149003901CA /* ViewController.swift in Sources */,
				EE6F3FBA250AC149003901CA /* AppDelegate.swift in Sources */,
			);
			runOnlyForDeploymentPostprocessing = 0;
		};
/* End PBXSourcesBuildPhase section */

/* Begin PBXVariantGroup section */
		EE6F3FBD250AC149003901CA /* Main.storyboard */ = {
			isa = PBXVariantGroup;
			children = (
				EE6F3FBE250AC149003901CA /* Base */,
			);
			name = Main.storyboard;
			sourceTree = "<group>";
		};
		EE6F3FC2250AC14A003901CA /* LaunchScreen.storyboard */ = {
			isa = PBXVariantGroup;
			children = (
				EE6F3FC3250AC14A003901CA /* Base */,
			);
			name = LaunchScreen.storyboard;
			sourceTree = "<group>";
		};
/* End PBXVariantGroup section */

/* Begin XCBuildConfiguration section */
		EE6F3FC6250AC14A003901CA /* Debug */ = {
			isa = XCBuildConfiguration;
			buildSettings = {
				ALWAYS_SEARCH_USER_PATHS = NO;
				CLANG_ANALYZER_NONNULL = YES;
				CLANG_ANALYZER_NUMBER_OBJECT_CONVERSION = YES_AGGRESSIVE;
				CLANG_CXX_LANGUAGE_STANDARD = "gnu++14";
				CLANG_CXX_LIBRARY = "libc++";
				CLANG_ENABLE_MODULES = YES;
				CLANG_ENABLE_OBJC_ARC = YES;
				CLANG_ENABLE_OBJC_WEAK = YES;
				CLANG_WARN_BLOCK_CAPTURE_AUTORELEASING = YES;
				CLANG_WARN_BOOL_CONVERSION = YES;
				CLANG_WARN_COMMA = YES;
				CLANG_WARN_CONSTANT_CONVERSION = YES;
				CLANG_WARN_DEPRECATED_OBJC_IMPLEMENTATIONS = YES;
				CLANG_WARN_DIRECT_OBJC_ISA_USAGE = YES_ERROR;
				CLANG_WARN_DOCUMENTATION_COMMENTS = YES;
				CLANG_WARN_EMPTY_BODY = YES;
				CLANG_WARN_ENUM_CONVERSION = YES;
				CLANG_WARN_INFINITE_RECURSION = YES;
				CLANG_WARN_INT_CONVERSION = YES;
				CLANG_WARN_NON_LITERAL_NULL_CONVERSION = YES;
				CLANG_WARN_OBJC_IMPLICIT_RETAIN_SELF = YES;
				CLANG_WARN_OBJC_LITERAL_CONVERSION = YES;
				CLANG_WARN_OBJC_ROOT_CLASS = YES_ERROR;
				CLANG_WARN_RANGE_LOOP_ANALYSIS = YES;
				CLANG_WARN_STRICT_PROTOTYPES = YES;
				CLANG_WARN_SUSPICIOUS_MOVE = YES;
				CLANG_WARN_UNGUARDED_AVAILABILITY = YES_AGGRESSIVE;
				CLANG_WARN_UNREACHABLE_CODE = YES;
				CLANG_WARN__DUPLICATE_METHOD_MATCH = YES;
				CODE_SIGN_IDENTITY = "iPhone Developer";
				COPY_PHASE_STRIP = NO;
				DEBUG_INFORMATION_FORMAT = dwarf;
				ENABLE_STRICT_OBJC_MSGSEND = YES;
				ENABLE_TESTABILITY = YES;
				GCC_C_LANGUAGE_STANDARD = gnu11;
				GCC_DYNAMIC_NO_PIC = NO;
				GCC_NO_COMMON_BLOCKS = YES;
				GCC_OPTIMIZATION_LEVEL = 0;
				GCC_PREPROCESSOR_DEFINITIONS = (
					"DEBUG=1",
					"$(inherited)",
				);
				GCC_WARN_64_TO_32_BIT_CONVERSION = YES;
				GCC_WARN_ABOUT_RETURN_TYPE = YES_ERROR;
				GCC_WARN_UNDECLARED_SELECTOR = YES;
				GCC_WARN_UNINITIALIZED_AUTOS = YES_AGGRESSIVE;
				GCC_WARN_UNUSED_FUNCTION = YES;
				GCC_WARN_UNUSED_VARIABLE = YES;
				IPHONEOS_DEPLOYMENT_TARGET = 12.1;
				MTL_ENABLE_DEBUG_INFO = INCLUDE_SOURCE;
				MTL_FAST_MATH = YES;
				ONLY_ACTIVE_ARCH = YES;
				SDKROOT = iphoneos;
				SWIFT_ACTIVE_COMPILATION_CONDITIONS = DEBUG;
				SWIFT_OPTIMIZATION_LEVEL = "-Onone";
			};
			name = Debug;
		};
		EE6F3FC7250AC14A003901CA /* Release */ = {
			isa = XCBuildConfiguration;
			buildSettings = {
				ALWAYS_SEARCH_USER_PATHS = NO;
				CLANG_ANALYZER_NONNULL = YES;
				CLANG_ANALYZER_NUMBER_OBJECT_CONVERSION = YES_AGGRESSIVE;
				CLANG_CXX_LANGUAGE_STANDARD = "gnu++14";
				CLANG_CXX_LIBRARY = "libc++";
				CLANG_ENABLE_MODULES = YES;
				CLANG_ENABLE_OBJC_ARC = YES;
				CLANG_ENABLE_OBJC_WEAK = YES;
				CLANG_WARN_BLOCK_CAPTURE_AUTORELEASING = YES;
				CLANG_WARN_BOOL_CONVERSION = YES;
				CLANG_WARN_COMMA = YES;
				CLANG_WARN_CONSTANT_CONVERSION = YES;
				CLANG_WARN_DEPRECATED_OBJC_IMPLEMENTATIONS = YES;
				CLANG_WARN_DIRECT_OBJC_ISA_USAGE = YES_ERROR;
				CLANG_WARN_DOCUMENTATION_COMMENTS = YES;
				CLANG_WARN_EMPTY_BODY = YES;
				CLANG_WARN_ENUM_CONVERSION = YES;
				CLANG_WARN_INFINITE_RECURSION = YES;
				CLANG_WARN_INT_CONVERSION = YES;
				CLANG_WARN_NON_LITERAL_NULL_CONVERSION = YES;
				CLANG_WARN_OBJC_IMPLICIT_RETAIN_SELF = YES;
				CLANG_WARN_OBJC_LITERAL_CONVERSION = YES;
				CLANG_WARN_OBJC_ROOT_CLASS = YES_ERROR;
				CLANG_WARN_RANGE_LOOP_ANALYSIS = YES;
				CLANG_WARN_STRICT_PROTOTYPES = YES;
				CLANG_WARN_SUSPICIOUS_MOVE = YES;
				CLANG_WARN_UNGUARDED_AVAILABILITY = YES_AGGRESSIVE;
				CLANG_WARN_UNREACHABLE_CODE = YES;
				CLANG_WARN__DUPLICATE_METHOD_MATCH = YES;
				CODE_SIGN_IDENTITY = "iPhone Developer";
				COPY_PHASE_STRIP = NO;
				DEBUG_INFORMATION_FORMAT = "dwarf-with-dsym";
				ENABLE_NS_ASSERTIONS = NO;
				ENABLE_STRICT_OBJC_MSGSEND = YES;
				GCC_C_LANGUAGE_STANDARD = gnu11;
				GCC_NO_COMMON_BLOCKS = YES;
				GCC_WARN_64_TO_32_BIT_CONVERSION = YES;
				GCC_WARN_ABOUT_RETURN_TYPE = YES_ERROR;
				GCC_WARN_UNDECLARED_SELECTOR = YES;
				GCC_WARN_UNINITIALIZED_AUTOS = YES_AGGRESSIVE;
				GCC_WARN_UNUSED_FUNCTION = YES;
				GCC_WARN_UNUSED_VARIABLE = YES;
				IPHONEOS_DEPLOYMENT_TARGET = 12.1;
				MTL_ENABLE_DEBUG_INFO = NO;
				MTL_FAST_MATH = YES;
				SDKROOT = iphoneos;
				SWIFT_COMPILATION_MODE = wholemodule;
				SWIFT_OPTIMIZATION_LEVEL = "-O";
				VALIDATE_PRODUCT = YES;
			};
			name = Release;
		};
		EE6F3FC9250AC14A003901CA /* Debug */ = {
			isa = XCBuildConfiguration;
			buildSettings = {
				ASSETCATALOG_COMPILER_APPICON_NAME = AppIcon;
				CODE_SIGN_STYLE = Automatic;
				DEVELOPMENT_TEAM = A9DFQ3872A;
				INFOPLIST_FILE = SFLiteSDKReference/Info.plist;
				IPHONEOS_DEPLOYMENT_TARGET = 12.0;
				LD_RUNPATH_SEARCH_PATHS = (
					"$(inherited)",
					"@executable_path/Frameworks",
				);
				MARKETING_VERSION = 0.1;
				PRODUCT_BUNDLE_IDENTIFIER = com.davidgyoungtech.SFLiteSDKReference;
				PRODUCT_NAME = "$(TARGET_NAME)";
				SWIFT_VERSION = 4.2;
				TARGETED_DEVICE_FAMILY = 1;
			};
			name = Debug;
		};
		EE6F3FCA250AC14A003901CA /* Release */ = {
			isa = XCBuildConfiguration;
			buildSettings = {
				ASSETCATALOG_COMPILER_APPICON_NAME = AppIcon;
				CODE_SIGN_STYLE = Automatic;
				DEVELOPMENT_TEAM = A9DFQ3872A;
				INFOPLIST_FILE = SFLiteSDKReference/Info.plist;
				IPHONEOS_DEPLOYMENT_TARGET = 12.0;
				LD_RUNPATH_SEARCH_PATHS = (
					"$(inherited)",
					"@executable_path/Frameworks",
				);
				MARKETING_VERSION = 0.1;
				PRODUCT_BUNDLE_IDENTIFIER = com.davidgyoungtech.SFLiteSDKReference;
				PRODUCT_NAME = "$(TARGET_NAME)";
				SWIFT_VERSION = 4.2;
				TARGETED_DEVICE_FAMILY = 1;
			};
			name = Release;
		};
/* End XCBuildConfiguration section */

/* Begin XCConfigurationList section */
		EE6F3FB1250AC149003901CA /* Build configuration list for PBXProject "SFLiteSDKReference" */ = {
			isa = XCConfigurationList;
			buildConfigurations = (
				EE6F3FC6250AC14A003901CA /* Debug */,
				EE6F3FC7250AC14A003901CA /* Release */,
			);
			defaultConfigurationIsVisible = 0;
			defaultConfigurationName = Release;
		};
		EE6F3FC8250AC14A003901CA /* Build configuration list for PBXNativeTarget "SFLiteSDKReference" */ = {
			isa = XCConfigurationList;
			buildConfigurations = (
				EE6F3FC9250AC14A003901CA /* Debug */,
				EE6F3FCA250AC14A003901CA /* Release */,
			);
			defaultConfigurationIsVisible = 0;
			defaultConfigurationName = Release;
		};
/* End XCConfigurationList section */
	};
	rootObject = EE6F3FAE250AC149003901CA /* Project object */;
}
